// !$*UTF8*$!
{
	archiveVersion = 1;
	classes = {
	};
	objectVersion = 55;
	objects = {

/* Begin PBXBuildFile section */
		3766285B27E1E1C60095FBFD /* LaunchScreen.storyboard in Resources */ = {isa = PBXBuildFile; fileRef = 3766285A27E1E1C60095FBFD /* LaunchScreen.storyboard */; };
		3766285D27E1E75B0095FBFD /* CompteurView.swift in Sources */ = {isa = PBXBuildFile; fileRef = 3766285C27E1E75B0095FBFD /* CompteurView.swift */; };
		3766285F27E1E9F80095FBFD /* PreferenceView.swift in Sources */ = {isa = PBXBuildFile; fileRef = 3766285E27E1E9F80095FBFD /* PreferenceView.swift */; };
		3766286127E1EC270095FBFD /* historiqueView.swift in Sources */ = {isa = PBXBuildFile; fileRef = 3766286027E1EC270095FBFD /* historiqueView.swift */; };
		37F7286527E214630041A95F /* NavigationBarView.swift in Sources */ = {isa = PBXBuildFile; fileRef = 37F7286427E214630041A95F /* NavigationBarView.swift */; };
		89BFD76127D67D1700359EA0 /* compteur_swiftUIApp.swift in Sources */ = {isa = PBXBuildFile; fileRef = 89BFD76027D67D1700359EA0 /* compteur_swiftUIApp.swift */; };
		89BFD76327D67D1700359EA0 /* ContentView.swift in Sources */ = {isa = PBXBuildFile; fileRef = 89BFD76227D67D1700359EA0 /* ContentView.swift */; };
		89BFD76527D67D1800359EA0 /* Assets.xcassets in Resources */ = {isa = PBXBuildFile; fileRef = 89BFD76427D67D1800359EA0 /* Assets.xcassets */; };
		89BFD76827D67D1800359EA0 /* Preview Assets.xcassets in Resources */ = {isa = PBXBuildFile; fileRef = 89BFD76727D67D1800359EA0 /* Preview Assets.xcassets */; };
		89F4741A27E907BA00F15410 /* CompteurViewModel.swift in Sources */ = {isa = PBXBuildFile; fileRef = 89F4741827E907BA00F15410 /* CompteurViewModel.swift */; };
		89F4741B27E907BA00F15410 /* CompteurModel.swift in Sources */ = {isa = PBXBuildFile; fileRef = 89F4741927E907BA00F15410 /* CompteurModel.swift */; };
		89F5082F27DFB1B600AAE627 /* ButtonsView.swift in Sources */ = {isa = PBXBuildFile; fileRef = 89F5082E27DFB1B600AAE627 /* ButtonsView.swift */; };
		89F5083127DFB49200AAE627 /* HeaderView.swift in Sources */ = {isa = PBXBuildFile; fileRef = 89F5083027DFB49200AAE627 /* HeaderView.swift */; };
		89F5083327DFB87800AAE627 /* ParametersView.swift in Sources */ = {isa = PBXBuildFile; fileRef = 89F5083227DFB87800AAE627 /* ParametersView.swift */; };
/* End PBXBuildFile section */

/* Begin PBXFileReference section */
		3766285A27E1E1C60095FBFD /* LaunchScreen.storyboard */ = {isa = PBXFileReference; lastKnownFileType = file.storyboard; path = LaunchScreen.storyboard; sourceTree = "<group>"; };
		3766285C27E1E75B0095FBFD /* CompteurView.swift */ = {isa = PBXFileReference; lastKnownFileType = sourcecode.swift; path = CompteurView.swift; sourceTree = "<group>"; };
		3766285E27E1E9F80095FBFD /* PreferenceView.swift */ = {isa = PBXFileReference; lastKnownFileType = sourcecode.swift; path = PreferenceView.swift; sourceTree = "<group>"; };
		3766286027E1EC270095FBFD /* historiqueView.swift */ = {isa = PBXFileReference; lastKnownFileType = sourcecode.swift; path = historiqueView.swift; sourceTree = "<group>"; };
		37F7286427E214630041A95F /* NavigationBarView.swift */ = {isa = PBXFileReference; lastKnownFileType = sourcecode.swift; path = NavigationBarView.swift; sourceTree = "<group>"; };
		89BFD75D27D67D1700359EA0 /* compteur_swiftUI.app */ = {isa = PBXFileReference; explicitFileType = wrapper.application; includeInIndex = 0; path = compteur_swiftUI.app; sourceTree = BUILT_PRODUCTS_DIR; };
		89BFD76027D67D1700359EA0 /* compteur_swiftUIApp.swift */ = {isa = PBXFileReference; lastKnownFileType = sourcecode.swift; path = compteur_swiftUIApp.swift; sourceTree = "<group>"; };
		89BFD76227D67D1700359EA0 /* ContentView.swift */ = {isa = PBXFileReference; lastKnownFileType = sourcecode.swift; path = ContentView.swift; sourceTree = "<group>"; };
		89BFD76427D67D1800359EA0 /* Assets.xcassets */ = {isa = PBXFileReference; lastKnownFileType = folder.assetcatalog; path = Assets.xcassets; sourceTree = "<group>"; };
		89BFD76727D67D1800359EA0 /* Preview Assets.xcassets */ = {isa = PBXFileReference; lastKnownFileType = folder.assetcatalog; path = "Preview Assets.xcassets"; sourceTree = "<group>"; };
		89F4741827E907BA00F15410 /* CompteurViewModel.swift */ = {isa = PBXFileReference; fileEncoding = 4; lastKnownFileType = sourcecode.swift; path = CompteurViewModel.swift; sourceTree = "<group>"; };
		89F4741927E907BA00F15410 /* CompteurModel.swift */ = {isa = PBXFileReference; fileEncoding = 4; lastKnownFileType = sourcecode.swift; path = CompteurModel.swift; sourceTree = "<group>"; };
		89F5082E27DFB1B600AAE627 /* ButtonsView.swift */ = {isa = PBXFileReference; lastKnownFileType = sourcecode.swift; path = ButtonsView.swift; sourceTree = "<group>"; };
		89F5083027DFB49200AAE627 /* HeaderView.swift */ = {isa = PBXFileReference; lastKnownFileType = sourcecode.swift; path = HeaderView.swift; sourceTree = "<group>"; };
		89F5083227DFB87800AAE627 /* ParametersView.swift */ = {isa = PBXFileReference; lastKnownFileType = sourcecode.swift; path = ParametersView.swift; sourceTree = "<group>"; };
/* End PBXFileReference section */

/* Begin PBXFrameworksBuildPhase section */
		89BFD75A27D67D1700359EA0 /* Frameworks */ = {
			isa = PBXFrameworksBuildPhase;
			buildActionMask = 2147483647;
			files = (
			);
			runOnlyForDeploymentPostprocessing = 0;
		};
/* End PBXFrameworksBuildPhase section */

/* Begin PBXGroup section */
		3766285727E1DBE40095FBFD /* View */ = {
			isa = PBXGroup;
			children = (
				3766285927E1DC080095FBFD /* Components */,
				3766285827E1DBFF0095FBFD /* Main */,
			);
			path = View;
			sourceTree = "<group>";
		};
		3766285827E1DBFF0095FBFD /* Main */ = {
			isa = PBXGroup;
			children = (
				3766285A27E1E1C60095FBFD /* LaunchScreen.storyboard */,
				89BFD76227D67D1700359EA0 /* ContentView.swift */,
				3766285C27E1E75B0095FBFD /* CompteurView.swift */,
				3766285E27E1E9F80095FBFD /* PreferenceView.swift */,
				3766286027E1EC270095FBFD /* historiqueView.swift */,
			);
			path = Main;
			sourceTree = "<group>";
		};
		3766285927E1DC080095FBFD /* Components */ = {
			isa = PBXGroup;
			children = (
				89F5083027DFB49200AAE627 /* HeaderView.swift */,
				89F5083227DFB87800AAE627 /* ParametersView.swift */,
				89F5082E27DFB1B600AAE627 /* ButtonsView.swift */,
				37F7286427E214630041A95F /* NavigationBarView.swift */,
			);
			path = Components;
			sourceTree = "<group>";
		};
		3796FBA427E9BE8D0046361F /* ViewModel */ = {
			isa = PBXGroup;
			children = (
				89F4741827E907BA00F15410 /* CompteurViewModel.swift */,
			);
			path = ViewModel;
			sourceTree = "<group>";
		};
		89BFD75427D67D1700359EA0 = {
			isa = PBXGroup;
			children = (
				89BFD75F27D67D1700359EA0 /* compteur_swiftUI */,
				89BFD75E27D67D1700359EA0 /* Products */,
			);
			sourceTree = "<group>";
		};
		89BFD75E27D67D1700359EA0 /* Products */ = {
			isa = PBXGroup;
			children = (
				89BFD75D27D67D1700359EA0 /* compteur_swiftUI.app */,
			);
			name = Products;
			sourceTree = "<group>";
		};
		89BFD75F27D67D1700359EA0 /* compteur_swiftUI */ = {
			isa = PBXGroup;
			children = (
				89BFD76027D67D1700359EA0 /* compteur_swiftUIApp.swift */,
				89F4741727E907A900F15410 /* Model */,
				3766285727E1DBE40095FBFD /* View */,
				3796FBA427E9BE8D0046361F /* ViewModel */,
				89BFD76627D67D1800359EA0 /* Preview Content */,
				89BFD76427D67D1800359EA0 /* Assets.xcassets */,
			);
			path = compteur_swiftUI;
			sourceTree = "<group>";
		};
		89BFD76627D67D1800359EA0 /* Preview Content */ = {
			isa = PBXGroup;
			children = (
				89BFD76727D67D1800359EA0 /* Preview Assets.xcassets */,
			);
			path = "Preview Content";
			sourceTree = "<group>";
		};
		89F4741727E907A900F15410 /* Model */ = {
			isa = PBXGroup;
			children = (
				89F4741927E907BA00F15410 /* CompteurModel.swift */,
			);
			path = Model;
			sourceTree = "<group>";
		};
/* End PBXGroup section */

/* Begin PBXNativeTarget section */
		89BFD75C27D67D1700359EA0 /* compteur_swiftUI */ = {
			isa = PBXNativeTarget;
			buildConfigurationList = 89BFD76B27D67D1800359EA0 /* Build configuration list for PBXNativeTarget "compteur_swiftUI" */;
			buildPhases = (
				89BFD75927D67D1700359EA0 /* Sources */,
				89BFD75A27D67D1700359EA0 /* Frameworks */,
				89BFD75B27D67D1700359EA0 /* Resources */,
			);
			buildRules = (
			);
			dependencies = (
			);
			name = compteur_swiftUI;
			productName = compteur_swiftUI;
			productReference = 89BFD75D27D67D1700359EA0 /* compteur_swiftUI.app */;
			productType = "com.apple.product-type.application";
		};
/* End PBXNativeTarget section */

/* Begin PBXProject section */
		89BFD75527D67D1700359EA0 /* Project object */ = {
			isa = PBXProject;
			attributes = {
				BuildIndependentTargetsInParallel = 1;
				LastSwiftUpdateCheck = 1310;
				LastUpgradeCheck = 1310;
				TargetAttributes = {
					89BFD75C27D67D1700359EA0 = {
						CreatedOnToolsVersion = 13.1;
					};
				};
			};
			buildConfigurationList = 89BFD75827D67D1700359EA0 /* Build configuration list for PBXProject "compteur_swiftUI" */;
			compatibilityVersion = "Xcode 13.0";
			developmentRegion = en;
			hasScannedForEncodings = 0;
			knownRegions = (
				en,
				Base,
			);
			mainGroup = 89BFD75427D67D1700359EA0;
			productRefGroup = 89BFD75E27D67D1700359EA0 /* Products */;
			projectDirPath = "";
			projectRoot = "";
			targets = (
				89BFD75C27D67D1700359EA0 /* compteur_swiftUI */,
			);
		};
/* End PBXProject section */

/* Begin PBXResourcesBuildPhase section */
		89BFD75B27D67D1700359EA0 /* Resources */ = {
			isa = PBXResourcesBuildPhase;
			buildActionMask = 2147483647;
			files = (
				3766285B27E1E1C60095FBFD /* LaunchScreen.storyboard in Resources */,
				89BFD76827D67D1800359EA0 /* Preview Assets.xcassets in Resources */,
				89BFD76527D67D1800359EA0 /* Assets.xcassets in Resources */,
			);
			runOnlyForDeploymentPostprocessing = 0;
		};
/* End PBXResourcesBuildPhase section */

/* Begin PBXSourcesBuildPhase section */
		89BFD75927D67D1700359EA0 /* Sources */ = {
			isa = PBXSourcesBuildPhase;
			buildActionMask = 2147483647;
			files = (
				89F5082F27DFB1B600AAE627 /* ButtonsView.swift in Sources */,
				3766285D27E1E75B0095FBFD /* CompteurView.swift in Sources */,
				89F4741B27E907BA00F15410 /* CompteurModel.swift in Sources */,
				89BFD76327D67D1700359EA0 /* ContentView.swift in Sources */,
				89BFD76127D67D1700359EA0 /* compteur_swiftUIApp.swift in Sources */,
				89F5083327DFB87800AAE627 /* ParametersView.swift in Sources */,
				89F5083127DFB49200AAE627 /* HeaderView.swift in Sources */,
				3766285F27E1E9F80095FBFD /* PreferenceView.swift in Sources */,
				89F4741A27E907BA00F15410 /* CompteurViewModel.swift in Sources */,
				3766286127E1EC270095FBFD /* historiqueView.swift in Sources */,
				37F7286527E214630041A95F /* NavigationBarView.swift in Sources */,
			);
			runOnlyForDeploymentPostprocessing = 0;
		};
/* End PBXSourcesBuildPhase section */

/* Begin XCBuildConfiguration section */
		89BFD76927D67D1800359EA0 /* Debug */ = {
			isa = XCBuildConfiguration;
			buildSettings = {
				ALWAYS_SEARCH_USER_PATHS = NO;
				CLANG_ANALYZER_NONNULL = YES;
				CLANG_ANALYZER_NUMBER_OBJECT_CONVERSION = YES_AGGRESSIVE;
				CLANG_CXX_LANGUAGE_STANDARD = "gnu++17";
				CLANG_CXX_LIBRARY = "libc++";
				CLANG_ENABLE_MODULES = YES;
				CLANG_ENABLE_OBJC_ARC = YES;
				CLANG_ENABLE_OBJC_WEAK = YES;
				CLANG_WARN_BLOCK_CAPTURE_AUTORELEASING = YES;
				CLANG_WARN_BOOL_CONVERSION = YES;
				CLANG_WARN_COMMA = YES;
				CLANG_WARN_CONSTANT_CONVERSION = YES;
				CLANG_WARN_DEPRECATED_OBJC_IMPLEMENTATIONS = YES;
				CLANG_WARN_DIRECT_OBJC_ISA_USAGE = YES_ERROR;
				CLANG_WARN_DOCUMENTATION_COMMENTS = YES;
				CLANG_WARN_EMPTY_BODY = YES;
				CLANG_WARN_ENUM_CONVERSION = YES;
				CLANG_WARN_INFINITE_RECURSION = YES;
				CLANG_WARN_INT_CONVERSION = YES;
				CLANG_WARN_NON_LITERAL_NULL_CONVERSION = YES;
				CLANG_WARN_OBJC_IMPLICIT_RETAIN_SELF = YES;
				CLANG_WARN_OBJC_LITERAL_CONVERSION = YES;
				CLANG_WARN_OBJC_ROOT_CLASS = YES_ERROR;
				CLANG_WARN_QUOTED_INCLUDE_IN_FRAMEWORK_HEADER = YES;
				CLANG_WARN_RANGE_LOOP_ANALYSIS = YES;
				CLANG_WARN_STRICT_PROTOTYPES = YES;
				CLANG_WARN_SUSPICIOUS_MOVE = YES;
				CLANG_WARN_UNGUARDED_AVAILABILITY = YES_AGGRESSIVE;
				CLANG_WARN_UNREACHABLE_CODE = YES;
				CLANG_WARN__DUPLICATE_METHOD_MATCH = YES;
				COPY_PHASE_STRIP = NO;
				DEBUG_INFORMATION_FORMAT = dwarf;
				ENABLE_STRICT_OBJC_MSGSEND = YES;
				ENABLE_TESTABILITY = YES;
				GCC_C_LANGUAGE_STANDARD = gnu11;
				GCC_DYNAMIC_NO_PIC = NO;
				GCC_NO_COMMON_BLOCKS = YES;
				GCC_OPTIMIZATION_LEVEL = 0;
				GCC_PREPROCESSOR_DEFINITIONS = (
					"DEBUG=1",
					"$(inherited)",
				);
				GCC_WARN_64_TO_32_BIT_CONVERSION = YES;
				GCC_WARN_ABOUT_RETURN_TYPE = YES_ERROR;
				GCC_WARN_UNDECLARED_SELECTOR = YES;
				GCC_WARN_UNINITIALIZED_AUTOS = YES_AGGRESSIVE;
				GCC_WARN_UNUSED_FUNCTION = YES;
				GCC_WARN_UNUSED_VARIABLE = YES;
				IPHONEOS_DEPLOYMENT_TARGET = 15.0;
				MTL_ENABLE_DEBUG_INFO = INCLUDE_SOURCE;
				MTL_FAST_MATH = YES;
				ONLY_ACTIVE_ARCH = YES;
				SDKROOT = iphoneos;
				SWIFT_ACTIVE_COMPILATION_CONDITIONS = DEBUG;
				SWIFT_OPTIMIZATION_LEVEL = "-Onone";
			};
			name = Debug;
		};
		89BFD76A27D67D1800359EA0 /* Release */ = {
			isa = XCBuildConfiguration;
			buildSettings = {
				ALWAYS_SEARCH_USER_PATHS = NO;
				CLANG_ANALYZER_NONNULL = YES;
				CLANG_ANALYZER_NUMBER_OBJECT_CONVERSION = YES_AGGRESSIVE;
				CLANG_CXX_LANGUAGE_STANDARD = "gnu++17";
				CLANG_CXX_LIBRARY = "libc++";
				CLANG_ENABLE_MODULES = YES;
				CLANG_ENABLE_OBJC_ARC = YES;
				CLANG_ENABLE_OBJC_WEAK = YES;
				CLANG_WARN_BLOCK_CAPTURE_AUTORELEASING = YES;
				CLANG_WARN_BOOL_CONVERSION = YES;
				CLANG_WARN_COMMA = YES;
				CLANG_WARN_CONSTANT_CONVERSION = YES;
				CLANG_WARN_DEPRECATED_OBJC_IMPLEMENTATIONS = YES;
				CLANG_WARN_DIRECT_OBJC_ISA_USAGE = YES_ERROR;
				CLANG_WARN_DOCUMENTATION_COMMENTS = YES;
				CLANG_WARN_EMPTY_BODY = YES;
				CLANG_WARN_ENUM_CONVERSION = YES;
				CLANG_WARN_INFINITE_RECURSION = YES;
				CLANG_WARN_INT_CONVERSION = YES;
				CLANG_WARN_NON_LITERAL_NULL_CONVERSION = YES;
				CLANG_WARN_OBJC_IMPLICIT_RETAIN_SELF = YES;
				CLANG_WARN_OBJC_LITERAL_CONVERSION = YES;
				CLANG_WARN_OBJC_ROOT_CLASS = YES_ERROR;
				CLANG_WARN_QUOTED_INCLUDE_IN_FRAMEWORK_HEADER = YES;
				CLANG_WARN_RANGE_LOOP_ANALYSIS = YES;
				CLANG_WARN_STRICT_PROTOTYPES = YES;
				CLANG_WARN_SUSPICIOUS_MOVE = YES;
				CLANG_WARN_UNGUARDED_AVAILABILITY = YES_AGGRESSIVE;
				CLANG_WARN_UNREACHABLE_CODE = YES;
				CLANG_WARN__DUPLICATE_METHOD_MATCH = YES;
				COPY_PHASE_STRIP = NO;
				DEBUG_INFORMATION_FORMAT = "dwarf-with-dsym";
				ENABLE_NS_ASSERTIONS = NO;
				ENABLE_STRICT_OBJC_MSGSEND = YES;
				GCC_C_LANGUAGE_STANDARD = gnu11;
				GCC_NO_COMMON_BLOCKS = YES;
				GCC_WARN_64_TO_32_BIT_CONVERSION = YES;
				GCC_WARN_ABOUT_RETURN_TYPE = YES_ERROR;
				GCC_WARN_UNDECLARED_SELECTOR = YES;
				GCC_WARN_UNINITIALIZED_AUTOS = YES_AGGRESSIVE;
				GCC_WARN_UNUSED_FUNCTION = YES;
				GCC_WARN_UNUSED_VARIABLE = YES;
				IPHONEOS_DEPLOYMENT_TARGET = 15.0;
				MTL_ENABLE_DEBUG_INFO = NO;
				MTL_FAST_MATH = YES;
				SDKROOT = iphoneos;
				SWIFT_COMPILATION_MODE = wholemodule;
				SWIFT_OPTIMIZATION_LEVEL = "-O";
				VALIDATE_PRODUCT = YES;
			};
			name = Release;
		};
		89BFD76C27D67D1800359EA0 /* Debug */ = {
			isa = XCBuildConfiguration;
			buildSettings = {
				ASSETCATALOG_COMPILER_APPICON_NAME = AppIcon;
				ASSETCATALOG_COMPILER_GLOBAL_ACCENT_COLOR_NAME = AccentColor;
				ASSETCATALOG_COMPILER_INCLUDE_ALL_APPICON_ASSETS = YES;
				CODE_SIGN_STYLE = Automatic;
				CURRENT_PROJECT_VERSION = 1;
				DEVELOPMENT_ASSET_PATHS = "\"compteur_swiftUI/Preview Content\"";
				DEVELOPMENT_TEAM = SV32QZFP9X;
				ENABLE_PREVIEWS = YES;
				GENERATE_INFOPLIST_FILE = YES;
				INFOPLIST_KEY_UIApplicationSceneManifest_Generation = YES;
				INFOPLIST_KEY_UIApplicationSupportsIndirectInputEvents = YES;
				INFOPLIST_KEY_UILaunchScreen_Generation = YES;
				INFOPLIST_KEY_UILaunchStoryboardName = LaunchScreen;
				INFOPLIST_KEY_UISupportedInterfaceOrientations = UIInterfaceOrientationPortrait;
				INFOPLIST_KEY_UISupportedInterfaceOrientations_iPad = "UIInterfaceOrientationPortrait UIInterfaceOrientationPortraitUpsideDown UIInterfaceOrientationLandscapeLeft UIInterfaceOrientationLandscapeRight";
				INFOPLIST_KEY_UISupportedInterfaceOrientations_iPhone = "UIInterfaceOrientationPortrait UIInterfaceOrientationLandscapeLeft UIInterfaceOrientationLandscapeRight";
				INFOPLIST_KEY_UIUserInterfaceStyle = Light;
				LD_RUNPATH_SEARCH_PATHS = (
					"$(inherited)",
					"@executable_path/Frameworks",
				);
				MARKETING_VERSION = 1.0;
				PRODUCT_BUNDLE_IDENTIFIER = "com.martres.compteur-swiftUI";
				PRODUCT_NAME = "$(TARGET_NAME)";
				SWIFT_EMIT_LOC_STRINGS = YES;
				SWIFT_VERSION = 5.0;
				TARGETED_DEVICE_FAMILY = 1;
			};
			name = Debug;
		};
		89BFD76D27D67D1800359EA0 /* Release */ = {
			isa = XCBuildConfiguration;
			buildSettings = {
				ASSETCATALOG_COMPILER_APPICON_NAME = AppIcon;
				ASSETCATALOG_COMPILER_GLOBAL_ACCENT_COLOR_NAME = AccentColor;
				ASSETCATALOG_COMPILER_INCLUDE_ALL_APPICON_ASSETS = YES;
				CODE_SIGN_STYLE = Automatic;
				CURRENT_PROJECT_VERSION = 1;
				DEVELOPMENT_ASSET_PATHS = "\"compteur_swiftUI/Preview Content\"";
				DEVELOPMENT_TEAM = SV32QZFP9X;
				ENABLE_PREVIEWS = YES;
				GENERATE_INFOPLIST_FILE = YES;
				INFOPLIST_KEY_UIApplicationSceneManifest_Generation = YES;
				INFOPLIST_KEY_UIApplicationSupportsIndirectInputEvents = YES;
				INFOPLIST_KEY_UILaunchScreen_Generation = YES;
				INFOPLIST_KEY_UILaunchStoryboardName = LaunchScreen;
				INFOPLIST_KEY_UISupportedInterfaceOrientations = UIInterfaceOrientationPortrait;
				INFOPLIST_KEY_UISupportedInterfaceOrientations_iPad = "UIInterfaceOrientationPortrait UIInterfaceOrientationPortraitUpsideDown UIInterfaceOrientationLandscapeLeft UIInterfaceOrientationLandscapeRight";
				INFOPLIST_KEY_UISupportedInterfaceOrientations_iPhone = "UIInterfaceOrientationPortrait UIInterfaceOrientationLandscapeLeft UIInterfaceOrientationLandscapeRight";
				INFOPLIST_KEY_UIUserInterfaceStyle = Light;
				LD_RUNPATH_SEARCH_PATHS = (
					"$(inherited)",
					"@executable_path/Frameworks",
				);
				MARKETING_VERSION = 1.0;
				PRODUCT_BUNDLE_IDENTIFIER = "com.martres.compteur-swiftUI";
				PRODUCT_NAME = "$(TARGET_NAME)";
				SWIFT_EMIT_LOC_STRINGS = YES;
				SWIFT_VERSION = 5.0;
				TARGETED_DEVICE_FAMILY = 1;
			};
			name = Release;
		};
/* End XCBuildConfiguration section */

/* Begin XCConfigurationList section */
		89BFD75827D67D1700359EA0 /* Build configuration list for PBXProject "compteur_swiftUI" */ = {
			isa = XCConfigurationList;
			buildConfigurations = (
				89BFD76927D67D1800359EA0 /* Debug */,
				89BFD76A27D67D1800359EA0 /* Release */,
			);
			defaultConfigurationIsVisible = 0;
			defaultConfigurationName = Release;
		};
		89BFD76B27D67D1800359EA0 /* Build configuration list for PBXNativeTarget "compteur_swiftUI" */ = {
			isa = XCConfigurationList;
			buildConfigurations = (
				89BFD76C27D67D1800359EA0 /* Debug */,
				89BFD76D27D67D1800359EA0 /* Release */,
			);
			defaultConfigurationIsVisible = 0;
			defaultConfigurationName = Release;
		};
/* End XCConfigurationList section */
	};
	rootObject = 89BFD75527D67D1700359EA0 /* Project object */;
}
